
Microsoft Visual Studio Solution File, Format Version 12.00
# Visual Studio 14
VisualStudioVersion = 14.0.24720.0
MinimumVisualStudioVersion = 10.0.40219.1
Project("{FAE04EC0-301F-11D3-BF4B-00C04F79EFBC}") = "PersistencePatterns.Contracts", "PersistencePatterns.Contracts\PersistencePatterns.Contracts.csproj", "{285037B6-C4CE-4BE4-AF07-C7683BF0BFD1}"
EndProject
Project("{FAE04EC0-301F-11D3-BF4B-00C04F79EFBC}") = "PersistencePatterns.NHibernate", "PersistencePatterns.NHibernate\PersistencePatterns.NHibernate.csproj", "{8D841DBE-9397-4EC5-BE68-4914C92C694E}"
EndProject
Project("{FAE04EC0-301F-11D3-BF4B-00C04F79EFBC}") = "PersistencePatterns.NHibernate.WebApiUnityIntegration", "PersistencePatterns.NHibernate.WebApiUnityIntegration\PersistencePatterns.NHibernate.WebApiUnityIntegration.csproj", "{A366375B-1E74-4709-A8D0-56E0F23D65FE}"
EndProject
Project("{FAE04EC0-301F-11D3-BF4B-00C04F79EFBC}") = "PersistencePatterns.NHibernate.Test", "PersistencePatterns.NHibernate.Test\PersistencePatterns.NHibernate.Test.csproj", "{6CD35016-6C2E-48D0-AE0E-AAF43604E07C}"
EndProject
Global
	GlobalSection(SolutionConfigurationPlatforms) = preSolution
		Debug|Any CPU = Debug|Any CPU
		Release|Any CPU = Release|Any CPU
	EndGlobalSection
	GlobalSection(ProjectConfigurationPlatforms) = postSolution
		{285037B6-C4CE-4BE4-AF07-C7683BF0BFD1}.Debug|Any CPU.ActiveCfg = Debug|Any CPU
		{285037B6-C4CE-4BE4-AF07-C7683BF0BFD1}.Debug|Any CPU.Build.0 = Debug|Any CPU
		{285037B6-C4CE-4BE4-AF07-C7683BF0BFD1}.Release|Any CPU.ActiveCfg = Release|Any CPU
		{285037B6-C4CE-4BE4-AF07-C7683BF0BFD1}.Release|Any CPU.Build.0 = Release|Any CPU
		{8D841DBE-9397-4EC5-BE68-4914C92C694E}.Debug|Any CPU.ActiveCfg = Debug|Any CPU
		{8D841DBE-9397-4EC5-BE68-4914C92C694E}.Debug|Any CPU.Build.0 = Debug|Any CPU
		{8D841DBE-9397-4EC5-BE68-4914C92C694E}.Release|Any CPU.ActiveCfg = Release|Any CPU
		{8D841DBE-9397-4EC5-BE68-4914C92C694E}.Release|Any CPU.Build.0 = Release|Any CPU
		{A366375B-1E74-4709-A8D0-56E0F23D65FE}.Debug|Any CPU.ActiveCfg = Debug|Any CPU
		{A366375B-1E74-4709-A8D0-56E0F23D65FE}.Debug|Any CPU.Build.0 = Debug|Any CPU
		{A366375B-1E74-4709-A8D0-56E0F23D65FE}.Release|Any CPU.ActiveCfg = Release|Any CPU
		{A366375B-1E74-4709-A8D0-56E0F23D65FE}.Release|Any CPU.Build.0 = Release|Any CPU
		{6CD35016-6C2E-48D0-AE0E-AAF43604E07C}.Debug|Any CPU.ActiveCfg = Debug|Any CPU
		{6CD35016-6C2E-48D0-AE0E-AAF43604E07C}.Debug|Any CPU.Build.0 = Debug|Any CPU
		{6CD35016-6C2E-48D0-AE0E-AAF43604E07C}.Release|Any CPU.ActiveCfg = Release|Any CPU
		{6CD35016-6C2E-48D0-AE0E-AAF43604E07C}.Release|Any CPU.Build.0 = Release|Any CPU
	EndGlobalSection
	GlobalSection(SolutionProperties) = preSolution
		HideSolutionNode = FALSE
	EndGlobalSection
EndGlobal
